// !$*UTF8*$!
{
	archiveVersion = 1;
	classes = {
	};
	objectVersion = 46;
	objects = {

/* Begin PBXBuildFile section */
		0295F5F31F25E59B00506A28 /* AppDelegate.swift in Sources */ = {isa = PBXBuildFile; fileRef = 0295F5F21F25E59B00506A28 /* AppDelegate.swift */; };
		0295F5F81F25E59B00506A28 /* Main.storyboard in Resources */ = {isa = PBXBuildFile; fileRef = 0295F5F61F25E59B00506A28 /* Main.storyboard */; };
		0295F5FA1F25E59B00506A28 /* Assets.xcassets in Resources */ = {isa = PBXBuildFile; fileRef = 0295F5F91F25E59B00506A28 /* Assets.xcassets */; };
		0295F5FD1F25E59B00506A28 /* LaunchScreen.storyboard in Resources */ = {isa = PBXBuildFile; fileRef = 0295F5FB1F25E59B00506A28 /* LaunchScreen.storyboard */; };
		0295F6061F25E60200506A28 /* SelectionViewController.swift in Sources */ = {isa = PBXBuildFile; fileRef = 0295F6051F25E60200506A28 /* SelectionViewController.swift */; };
		0295F6091F25E65A00506A28 /* PizzaTopping.swift in Sources */ = {isa = PBXBuildFile; fileRef = 0295F6081F25E65900506A28 /* PizzaTopping.swift */; };
		0295F60D1F25E73A00506A28 /* ToppingImage.swift in Sources */ = {isa = PBXBuildFile; fileRef = 0295F60C1F25E73A00506A28 /* ToppingImage.swift */; };
		0295F6101F25E7EF00506A28 /* PizzaToppingGroup.swift in Sources */ = {isa = PBXBuildFile; fileRef = 0295F60F1F25E7EF00506A28 /* PizzaToppingGroup.swift */; };
		0295F6121F25E8F400506A28 /* PizzaToppingsMockData.swift in Sources */ = {isa = PBXBuildFile; fileRef = 0295F6111F25E8F400506A28 /* PizzaToppingsMockData.swift */; };
/* End PBXBuildFile section */

/* Begin PBXFileReference section */
		0295F5EF1F25E59B00506A28 /* Pufza.app */ = {isa = PBXFileReference; explicitFileType = wrapper.application; includeInIndex = 0; path = Pufza.app; sourceTree = BUILT_PRODUCTS_DIR; };
		0295F5F21F25E59B00506A28 /* AppDelegate.swift */ = {isa = PBXFileReference; lastKnownFileType = sourcecode.swift; path = AppDelegate.swift; sourceTree = "<group>"; };
		0295F5F71F25E59B00506A28 /* Base */ = {isa = PBXFileReference; lastKnownFileType = file.storyboard; name = Base; path = Base.lproj/Main.storyboard; sourceTree = "<group>"; };
		0295F5F91F25E59B00506A28 /* Assets.xcassets */ = {isa = PBXFileReference; lastKnownFileType = folder.assetcatalog; path = Assets.xcassets; sourceTree = "<group>"; };
		0295F5FC1F25E59B00506A28 /* Base */ = {isa = PBXFileReference; lastKnownFileType = file.storyboard; name = Base; path = Base.lproj/LaunchScreen.storyboard; sourceTree = "<group>"; };
		0295F5FE1F25E59B00506A28 /* Info.plist */ = {isa = PBXFileReference; lastKnownFileType = text.plist.xml; path = Info.plist; sourceTree = "<group>"; };
		0295F6051F25E60200506A28 /* SelectionViewController.swift */ = {isa = PBXFileReference; fileEncoding = 4; lastKnownFileType = sourcecode.swift; path = SelectionViewController.swift; sourceTree = "<group>"; };
		0295F6081F25E65900506A28 /* PizzaTopping.swift */ = {isa = PBXFileReference; fileEncoding = 4; lastKnownFileType = sourcecode.swift; path = PizzaTopping.swift; sourceTree = "<group>"; };
		0295F60C1F25E73A00506A28 /* ToppingImage.swift */ = {isa = PBXFileReference; fileEncoding = 4; lastKnownFileType = sourcecode.swift; path = ToppingImage.swift; sourceTree = "<group>"; };
		0295F60F1F25E7EF00506A28 /* PizzaToppingGroup.swift */ = {isa = PBXFileReference; fileEncoding = 4; lastKnownFileType = sourcecode.swift; path = PizzaToppingGroup.swift; sourceTree = "<group>"; };
		0295F6111F25E8F400506A28 /* PizzaToppingsMockData.swift */ = {isa = PBXFileReference; fileEncoding = 4; lastKnownFileType = sourcecode.swift; path = PizzaToppingsMockData.swift; sourceTree = "<group>"; };
/* End PBXFileReference section */

/* Begin PBXFrameworksBuildPhase section */
		0295F5EC1F25E59B00506A28 /* Frameworks */ = {
			isa = PBXFrameworksBuildPhase;
			buildActionMask = 2147483647;
			files = (
			);
			runOnlyForDeploymentPostprocessing = 0;
		};
/* End PBXFrameworksBuildPhase section */

/* Begin PBXGroup section */
		0295F5E61F25E59B00506A28 = {
			isa = PBXGroup;
			children = (
				0295F5F11F25E59B00506A28 /* Pufza */,
				0295F5F01F25E59B00506A28 /* Products */,
			);
			sourceTree = "<group>";
		};
		0295F5F01F25E59B00506A28 /* Products */ = {
			isa = PBXGroup;
			children = (
				0295F5EF1F25E59B00506A28 /* Pufza.app */,
			);
			name = Products;
			sourceTree = "<group>";
		};
		0295F5F11F25E59B00506A28 /* Pufza */ = {
			isa = PBXGroup;
			children = (
				0295F6111F25E8F400506A28 /* PizzaToppingsMockData.swift */,
				0295F6041F25E5CD00506A28 /* Supporting files */,
				0295F5F61F25E59B00506A28 /* Main.storyboard */,
				0295F6071F25E61E00506A28 /* ViewController */,
				0295F60A1F25E65F00506A28 /* Model */,
			);
			path = Pufza;
			sourceTree = "<group>";
		};
		0295F6041F25E5CD00506A28 /* Supporting files */ = {
			isa = PBXGroup;
			children = (
				0295F5F21F25E59B00506A28 /* AppDelegate.swift */,
				0295F5F91F25E59B00506A28 /* Assets.xcassets */,
				0295F5FB1F25E59B00506A28 /* LaunchScreen.storyboard */,
				0295F5FE1F25E59B00506A28 /* Info.plist */,
			);
			name = "Supporting files";
			sourceTree = "<group>";
		};
		0295F6071F25E61E00506A28 /* ViewController */ = {
			isa = PBXGroup;
			children = (
				0295F6051F25E60200506A28 /* SelectionViewController.swift */,
			);
			name = ViewController;
			sourceTree = "<group>";
		};
		0295F60A1F25E65F00506A28 /* Model */ = {
			isa = PBXGroup;
			children = (
				0295F60B1F25E6BE00506A28 /* Pizza */,
				0295F60E1F25E74000506A28 /* Common */,
			);
			name = Model;
			sourceTree = "<group>";
		};
		0295F60B1F25E6BE00506A28 /* Pizza */ = {
			isa = PBXGroup;
			children = (
				0295F6081F25E65900506A28 /* PizzaTopping.swift */,
				0295F60F1F25E7EF00506A28 /* PizzaToppingGroup.swift */,
			);
			name = Pizza;
			sourceTree = "<group>";
		};
		0295F60E1F25E74000506A28 /* Common */ = {
			isa = PBXGroup;
			children = (
				0295F60C1F25E73A00506A28 /* ToppingImage.swift */,
			);
			name = Common;
			sourceTree = "<group>";
		};
/* End PBXGroup section */

/* Begin PBXNativeTarget section */
		0295F5EE1F25E59B00506A28 /* Pufza */ = {
			isa = PBXNativeTarget;
			buildConfigurationList = 0295F6011F25E59B00506A28 /* Build configuration list for PBXNativeTarget "Pufza" */;
			buildPhases = (
				0295F5EB1F25E59B00506A28 /* Sources */,
				0295F5EC1F25E59B00506A28 /* Frameworks */,
				0295F5ED1F25E59B00506A28 /* Resources */,
			);
			buildRules = (
			);
			dependencies = (
			);
			name = Pufza;
			productName = Pufza;
			productReference = 0295F5EF1F25E59B00506A28 /* Pufza.app */;
			productType = "com.apple.product-type.application";
		};
/* End PBXNativeTarget section */

/* Begin PBXProject section */
		0295F5E71F25E59B00506A28 /* Project object */ = {
			isa = PBXProject;
			attributes = {
				LastSwiftUpdateCheck = 0830;
				LastUpgradeCheck = 0830;
				ORGANIZATIONNAME = YTE;
				TargetAttributes = {
					0295F5EE1F25E59B00506A28 = {
						CreatedOnToolsVersion = 8.3.3;
						DevelopmentTeam = F43VS33VC5;
						ProvisioningStyle = Automatic;
					};
				};
			};
			buildConfigurationList = 0295F5EA1F25E59B00506A28 /* Build configuration list for PBXProject "Pufza" */;
			compatibilityVersion = "Xcode 3.2";
			developmentRegion = English;
			hasScannedForEncodings = 0;
			knownRegions = (
				en,
				Base,
			);
			mainGroup = 0295F5E61F25E59B00506A28;
			productRefGroup = 0295F5F01F25E59B00506A28 /* Products */;
			projectDirPath = "";
			projectRoot = "";
			targets = (
				0295F5EE1F25E59B00506A28 /* Pufza */,
			);
		};
/* End PBXProject section */

/* Begin PBXResourcesBuildPhase section */
		0295F5ED1F25E59B00506A28 /* Resources */ = {
			isa = PBXResourcesBuildPhase;
			buildActionMask = 2147483647;
			files = (
				0295F5FD1F25E59B00506A28 /* LaunchScreen.storyboard in Resources */,
				0295F5FA1F25E59B00506A28 /* Assets.xcassets in Resources */,
				0295F5F81F25E59B00506A28 /* Main.storyboard in Resources */,
			);
			runOnlyForDeploymentPostprocessing = 0;
		};
/* End PBXResourcesBuildPhase section */

/* Begin PBXSourcesBuildPhase section */
		0295F5EB1F25E59B00506A28 /* Sources */ = {
			isa = PBXSourcesBuildPhase;
			buildActionMask = 2147483647;
			files = (
				0295F6121F25E8F400506A28 /* PizzaToppingsMockData.swift in Sources */,
				0295F6091F25E65A00506A28 /* PizzaTopping.swift in Sources */,
				0295F6101F25E7EF00506A28 /* PizzaToppingGroup.swift in Sources */,
				0295F60D1F25E73A00506A28 /* ToppingImage.swift in Sources */,
				0295F5F31F25E59B00506A28 /* AppDelegate.swift in Sources */,
				0295F6061F25E60200506A28 /* SelectionViewController.swift in Sources */,
			);
			runOnlyForDeploymentPostprocessing = 0;
		};
/* End PBXSourcesBuildPhase section */

/* Begin PBXVariantGroup section */
		0295F5F61F25E59B00506A28 /* Main.storyboard */ = {
			isa = PBXVariantGroup;
			children = (
				0295F5F71F25E59B00506A28 /* Base */,
			);
			name = Main.storyboard;
			sourceTree = "<group>";
		};
		0295F5FB1F25E59B00506A28 /* LaunchScreen.storyboard */ = {
			isa = PBXVariantGroup;
			children = (
				0295F5FC1F25E59B00506A28 /* Base */,
			);
			name = LaunchScreen.storyboard;
			sourceTree = "<group>";
		};
/* End PBXVariantGroup section */

/* Begin XCBuildConfiguration section */
		0295F5FF1F25E59B00506A28 /* Debug */ = {
			isa = XCBuildConfiguration;
			buildSettings = {
				ALWAYS_SEARCH_USER_PATHS = NO;
				CLANG_ANALYZER_NONNULL = YES;
				CLANG_ANALYZER_NUMBER_OBJECT_CONVERSION = YES_AGGRESSIVE;
				CLANG_CXX_LANGUAGE_STANDARD = "gnu++0x";
				CLANG_CXX_LIBRARY = "libc++";
				CLANG_ENABLE_MODULES = YES;
				CLANG_ENABLE_OBJC_ARC = YES;
				CLANG_WARN_BOOL_CONVERSION = YES;
				CLANG_WARN_CONSTANT_CONVERSION = YES;
				CLANG_WARN_DIRECT_OBJC_ISA_USAGE = YES_ERROR;
				CLANG_WARN_DOCUMENTATION_COMMENTS = YES;
				CLANG_WARN_EMPTY_BODY = YES;
				CLANG_WARN_ENUM_CONVERSION = YES;
				CLANG_WARN_INFINITE_RECURSION = YES;
				CLANG_WARN_INT_CONVERSION = YES;
				CLANG_WARN_OBJC_ROOT_CLASS = YES_ERROR;
				CLANG_WARN_SUSPICIOUS_MOVE = YES;
				CLANG_WARN_UNREACHABLE_CODE = YES;
				CLANG_WARN__DUPLICATE_METHOD_MATCH = YES;
				"CODE_SIGN_IDENTITY[sdk=iphoneos*]" = "iPhone Developer";
				COPY_PHASE_STRIP = NO;
				DEBUG_INFORMATION_FORMAT = dwarf;
				ENABLE_STRICT_OBJC_MSGSEND = YES;
				ENABLE_TESTABILITY = YES;
				GCC_C_LANGUAGE_STANDARD = gnu99;
				GCC_DYNAMIC_NO_PIC = NO;
				GCC_NO_COMMON_BLOCKS = YES;
				GCC_OPTIMIZATION_LEVEL = 0;
				GCC_PREPROCESSOR_DEFINITIONS = (
					"DEBUG=1",
					"$(inherited)",
				);
				GCC_WARN_64_TO_32_BIT_CONVERSION = YES;
				GCC_WARN_ABOUT_RETURN_TYPE = YES_ERROR;
				GCC_WARN_UNDECLARED_SELECTOR = YES;
				GCC_WARN_UNINITIALIZED_AUTOS = YES_AGGRESSIVE;
				GCC_WARN_UNUSED_FUNCTION = YES;
				GCC_WARN_UNUSED_VARIABLE = YES;
				IPHONEOS_DEPLOYMENT_TARGET = 10.3;
				MTL_ENABLE_DEBUG_INFO = YES;
				ONLY_ACTIVE_ARCH = YES;
				SDKROOT = iphoneos;
				SWIFT_ACTIVE_COMPILATION_CONDITIONS = DEBUG;
				SWIFT_OPTIMIZATION_LEVEL = "-Onone";
				TARGETED_DEVICE_FAMILY = "1,2";
			};
			name = Debug;
		};
		0295F6001F25E59B00506A28 /* Release */ = {
			isa = XCBuildConfiguration;
			buildSettings = {
				ALWAYS_SEARCH_USER_PATHS = NO;
				CLANG_ANALYZER_NONNULL = YES;
				CLANG_ANALYZER_NUMBER_OBJECT_CONVERSION = YES_AGGRESSIVE;
				CLANG_CXX_LANGUAGE_STANDARD = "gnu++0x";
				CLANG_CXX_LIBRARY = "libc++";
				CLANG_ENABLE_MODULES = YES;
				CLANG_ENABLE_OBJC_ARC = YES;
				CLANG_WARN_BOOL_CONVERSION = YES;
				CLANG_WARN_CONSTANT_CONVERSION = YES;
				CLANG_WARN_DIRECT_OBJC_ISA_USAGE = YES_ERROR;
				CLANG_WARN_DOCUMENTATION_COMMENTS = YES;
				CLANG_WARN_EMPTY_BODY = YES;
				CLANG_WARN_ENUM_CONVERSION = YES;
				CLANG_WARN_INFINITE_RECURSION = YES;
				CLANG_WARN_INT_CONVERSION = YES;
				CLANG_WARN_OBJC_ROOT_CLASS = YES_ERROR;
				CLANG_WARN_SUSPICIOUS_MOVE = YES;
				CLANG_WARN_UNREACHABLE_CODE = YES;
				CLANG_WARN__DUPLICATE_METHOD_MATCH = YES;
				"CODE_SIGN_IDENTITY[sdk=iphoneos*]" = "iPhone Developer";
				COPY_PHASE_STRIP = NO;
				DEBUG_INFORMATION_FORMAT = "dwarf-with-dsym";
				ENABLE_NS_ASSERTIONS = NO;
				ENABLE_STRICT_OBJC_MSGSEND = YES;
				GCC_C_LANGUAGE_STANDARD = gnu99;
				GCC_NO_COMMON_BLOCKS = YES;
				GCC_WARN_64_TO_32_BIT_CONVERSION = YES;
				GCC_WARN_ABOUT_RETURN_TYPE = YES_ERROR;
				GCC_WARN_UNDECLARED_SELECTOR = YES;
				GCC_WARN_UNINITIALIZED_AUTOS = YES_AGGRESSIVE;
				GCC_WARN_UNUSED_FUNCTION = YES;
				GCC_WARN_UNUSED_VARIABLE = YES;
				IPHONEOS_DEPLOYMENT_TARGET = 10.3;
				MTL_ENABLE_DEBUG_INFO = NO;
				SDKROOT = iphoneos;
				SWIFT_OPTIMIZATION_LEVEL = "-Owholemodule";
				TARGETED_DEVICE_FAMILY = "1,2";
				VALIDATE_PRODUCT = YES;
			};
			name = Release;
		};
		0295F6021F25E59B00506A28 /* Debug */ = {
			isa = XCBuildConfiguration;
			buildSettings = {
				ASSETCATALOG_COMPILER_APPICON_NAME = AppIcon;
				DEVELOPMENT_TEAM = F43VS33VC5;
				INFOPLIST_FILE = Pufza/Info.plist;
				LD_RUNPATH_SEARCH_PATHS = "$(inherited) @executable_path/Frameworks";
				PRODUCT_BUNDLE_IDENTIFIER = yte.ot.dt.lecture.Pufza;
				PRODUCT_NAME = "$(TARGET_NAME)";
				SWIFT_VERSION = 3.0;
			};
			name = Debug;
		};
		0295F6031F25E59B00506A28 /* Release */ = {
			isa = XCBuildConfiguration;
			buildSettings = {
				ASSETCATALOG_COMPILER_APPICON_NAME = AppIcon;
				DEVELOPMENT_TEAM = F43VS33VC5;
				INFOPLIST_FILE = Pufza/Info.plist;
				LD_RUNPATH_SEARCH_PATHS = "$(inherited) @executable_path/Frameworks";
				PRODUCT_BUNDLE_IDENTIFIER = yte.ot.dt.lecture.Pufza;
				PRODUCT_NAME = "$(TARGET_NAME)";
				SWIFT_VERSION = 3.0;
			};
			name = Release;
		};
/* End XCBuildConfiguration section */

/* Begin XCConfigurationList section */
		0295F5EA1F25E59B00506A28 /* Build configuration list for PBXProject "Pufza" */ = {
			isa = XCConfigurationList;
			buildConfigurations = (
				0295F5FF1F25E59B00506A28 /* Debug */,
				0295F6001F25E59B00506A28 /* Release */,
			);
			defaultConfigurationIsVisible = 0;
			defaultConfigurationName = Release;
		};
		0295F6011F25E59B00506A28 /* Build configuration list for PBXNativeTarget "Pufza" */ = {
			isa = XCConfigurationList;
			buildConfigurations = (
				0295F6021F25E59B00506A28 /* Debug */,
				0295F6031F25E59B00506A28 /* Release */,
			);
			defaultConfigurationIsVisible = 0;
			defaultConfigurationName = Release;
		};
/* End XCConfigurationList section */
	};
	rootObject = 0295F5E71F25E59B00506A28 /* Project object */;
}
